<Solution>
  <Project Path="src/AppointmentManagementApi/AppointmentManagementApi.csproj" />
  <Project Path="src/Data.Integration/Data.Integration.csproj" />
  <Project Path="src/Data.MigrationService/Data.MigrationService.csproj" Id="a6f92c48-110b-4dd7-960c-d6ad4b48abe6" />
  <Project Path="src/Data/Data.csproj" Id="0db267a5-7f8c-432b-b648-cc8eb700ccc5" />
  <Project Path="src/MedicalTreatmentApi/MedicalTreatmentApi.csproj" />
  <Project Path="src/PatientService/PatientService.csproj" />
</Solution>
